{
    "_meta": {
        "hash": {
            "sha256": "e578101b4ab8b088cac4d3404fb99f28678953cab33836f7d9290b1db26fa82d"
        },
        "pipfile-spec": 6,
        "requires": {
            "python_version": "3.11"
        },
        "sources": [
            {
                "name": "pypi",
                "url": "https://pypi.org/simple",
                "verify_ssl": true
            }
        ]
    },
    "default": {
        "pip": {
            "hashes": [
                "sha256:bdb1b08f4274833d62c1aa29e20907365a2ceb950410df15fc9521bad440122b",
                "sha256:c4037d8a277c89b320abe636d59f91e6d0922d08a05b60e85e53b296613346d8"
            ],
            "index": "pypi",
            "markers": "python_version >= '3.9'",
            "version": "==26.0.1"
        }
    },
    "develop": {}
}
